
Microsoft Visual Studio Solution File, Format Version 12.00
# Visual Studio 2012
Project("{FAE04EC0-301F-11D3-BF4B-00C04F79EFBC}") = "WRL", "WRL\WRL.csproj", "{66B32C47-0752-442D-8846-90A7E4B86F37}"
EndProject
Project("{FAE04EC0-301F-11D3-BF4B-00C04F79EFBC}") = "WRLClient", "WRLClient\WRLClient.csproj", "{63A9B576-9933-4C9C-A841-C9036D988260}"
EndProject
Global
	GlobalSection(SolutionConfigurationPlatforms) = preSolution
		Debug|Any CPU = Debug|Any CPU
		Release|Any CPU = Release|Any CPU
	EndGlobalSection
	GlobalSection(ProjectConfigurationPlatforms) = postSolution
		{66B32C47-0752-442D-8846-90A7E4B86F37}.Debug|Any CPU.ActiveCfg = Debug|Any CPU
		{66B32C47-0752-442D-8846-90A7E4B86F37}.Debug|Any CPU.Build.0 = Debug|Any CPU
		{66B32C47-0752-442D-8846-90A7E4B86F37}.Release|Any CPU.ActiveCfg = Release|Any CPU
		{66B32C47-0752-442D-8846-90A7E4B86F37}.Release|Any CPU.Build.0 = Release|Any CPU
		{63A9B576-9933-4C9C-A841-C9036D988260}.Debug|Any CPU.ActiveCfg = Debug|Any CPU
		{63A9B576-9933-4C9C-A841-C9036D988260}.Debug|Any CPU.Build.0 = Debug|Any CPU
		{63A9B576-9933-4C9C-A841-C9036D988260}.Release|Any CPU.ActiveCfg = Release|Any CPU
		{63A9B576-9933-4C9C-A841-C9036D988260}.Release|Any CPU.Build.0 = Release|Any CPU
	EndGlobalSection
	GlobalSection(SolutionProperties) = preSolution
		HideSolutionNode = FALSE
	EndGlobalSection
EndGlobal
